
Microsoft Visual Studio Solution File, Format Version 12.00
# Visual Studio Version 16
VisualStudioVersion = 16.0.31129.286
MinimumVisualStudioVersion = 10.0.40219.1
Project("{9A19103F-16F7-4668-BE54-9A1E7A4F7556}") = "eco", "eco\eco.csproj", "{765AA6C6-BB06-4EEA-AF7F-5BAE0F35C836}"
EndProject
Global
	GlobalSection(SolutionConfigurationPlatforms) = preSolution
		Debug|Any CPU = Debug|Any CPU
		Release|Any CPU = Release|Any CPU
	EndGlobalSection
	GlobalSection(ProjectConfigurationPlatforms) = postSolution
		{765AA6C6-BB06-4EEA-AF7F-5BAE0F35C836}.Debug|Any CPU.ActiveCfg = Debug|Any CPU
		{765AA6C6-BB06-4EEA-AF7F-5BAE0F35C836}.Debug|Any CPU.Build.0 = Debug|Any CPU
		{765AA6C6-BB06-4EEA-AF7F-5BAE0F35C836}.Release|Any CPU.ActiveCfg = Release|Any CPU
		{765AA6C6-BB06-4EEA-AF7F-5BAE0F35C836}.Release|Any CPU.Build.0 = Release|Any CPU
	EndGlobalSection
	GlobalSection(SolutionProperties) = preSolution
		HideSolutionNode = FALSE
	EndGlobalSection
	GlobalSection(ExtensibilityGlobals) = postSolution
		SolutionGuid = {AA3142A6-FA95-41B5-929B-8AE895D5FF86}
	EndGlobalSection
EndGlobal
